Microsoft Visual Studio Solution File, Format Version 12.00
# Visual Studio Version 17
VisualStudioVersion = 17.9.34902.65
MinimumVisualStudioVersion = 10.0.40219.1
Project("{FAE04EC0-301F-11D3-BF4B-00C04F79EFBC}") = "Seeq.Link.Connector.DirectoryWatch", "Seeq.Link.Connector.DirectoryWatch\Seeq.Link.Connector.DirectoryWatch.csproj", "{AA742C48-832D-4AE5-83B2-CD7330D9BE79}"
EndProject
Project("{2150E333-8FDC-42A3-9474-1A3956D46DE8}") = "DirectoryWatchFileReaders", "DirectoryWatchFileReaders", "{EC0FA50A-C90B-43D2-B32F-FE11103E6AE7}"
EndProject
Project("{FAE04EC0-301F-11D3-BF4B-00C04F79EFBC}") = "ConditionsWithPropertiesReader", "DirectoryWatchFileReaders\ConditionsWithPropertiesReader\ConditionsWithPropertiesReader.csproj", "{20DE61D8-6C83-4CF2-AFE9-3D4AD92B1B9E}"
EndProject
Project("{FAE04EC0-301F-11D3-BF4B-00C04F79EFBC}") = "NarrowFileReader", "DirectoryWatchFileReaders\NarrowFileReader\NarrowFileReader.csproj", "{A42530D0-83D8-4510-81F6-69636F8B30F5}"
EndProject
Project("{FAE04EC0-301F-11D3-BF4B-00C04F79EFBC}") = "OffsetTagsReader", "DirectoryWatchFileReaders\OffsetTagsReader\OffsetTagsReader.csproj", "{30F94826-383D-47F5-A330-C208F7C51148}"
EndProject
Project("{FAE04EC0-301F-11D3-BF4B-00C04F79EFBC}") = "TagsWithMetadataReader", "DirectoryWatchFileReaders\TagsWithMetadataReader\TagsWithMetadataReader.csproj", "{DD1B17BD-60F9-4179-BBD9-951FB1637B3F}"
EndProject
Project("{FAE04EC0-301F-11D3-BF4B-00C04F79EFBC}") = "TimestampAssetTagsCsvReader", "DirectoryWatchFileReaders\TimestampAssetTagsCsvReaderV1\TimestampAssetTagsCsvReader.csproj", "{B87E705D-AD25-413C-8FC8-48784D84BDA1}"
EndProject
Project("{FAE04EC0-301F-11D3-BF4B-00C04F79EFBC}") = "TimestampTagsCsvReader", "DirectoryWatchFileReaders\TimestampTagsCsvReader\TimestampTagsCsvReader.csproj", "{FA96A27D-3BBC-4138-AC10-D2B0A55D6A1D}"
EndProject
Global
	GlobalSection(SolutionConfigurationPlatforms) = preSolution
		Debug|Any CPU = Debug|Any CPU
		Release|Any CPU = Release|Any CPU
	EndGlobalSection
	GlobalSection(ProjectConfigurationPlatforms) = postSolution
		{AA742C48-832D-4AE5-83B2-CD7330D9BE79}.Debug|Any CPU.ActiveCfg = Debug|Any CPU
		{AA742C48-832D-4AE5-83B2-CD7330D9BE79}.Debug|Any CPU.Build.0 = Debug|Any CPU
		{AA742C48-832D-4AE5-83B2-CD7330D9BE79}.Release|Any CPU.ActiveCfg = Release|Any CPU
		{AA742C48-832D-4AE5-83B2-CD7330D9BE79}.Release|Any CPU.Build.0 = Release|Any CPU
		{20DE61D8-6C83-4CF2-AFE9-3D4AD92B1B9E}.Debug|Any CPU.ActiveCfg = Debug|Any CPU
		{20DE61D8-6C83-4CF2-AFE9-3D4AD92B1B9E}.Debug|Any CPU.Build.0 = Debug|Any CPU
		{20DE61D8-6C83-4CF2-AFE9-3D4AD92B1B9E}.Release|Any CPU.ActiveCfg = Release|Any CPU
		{20DE61D8-6C83-4CF2-AFE9-3D4AD92B1B9E}.Release|Any CPU.Build.0 = Release|Any CPU
		{A42530D0-83D8-4510-81F6-69636F8B30F5}.Debug|Any CPU.ActiveCfg = Debug|Any CPU
		{A42530D0-83D8-4510-81F6-69636F8B30F5}.Debug|Any CPU.Build.0 = Debug|Any CPU
		{A42530D0-83D8-4510-81F6-69636F8B30F5}.Release|Any CPU.ActiveCfg = Release|Any CPU
		{A42530D0-83D8-4510-81F6-69636F8B30F5}.Release|Any CPU.Build.0 = Release|Any CPU
		{30F94826-383D-47F5-A330-C208F7C51148}.Debug|Any CPU.ActiveCfg = Debug|Any CPU
		{30F94826-383D-47F5-A330-C208F7C51148}.Debug|Any CPU.Build.0 = Debug|Any CPU
		{30F94826-383D-47F5-A330-C208F7C51148}.Release|Any CPU.ActiveCfg = Release|Any CPU
		{30F94826-383D-47F5-A330-C208F7C51148}.Release|Any CPU.Build.0 = Release|Any CPU
		{DD1B17BD-60F9-4179-BBD9-951FB1637B3F}.Debug|Any CPU.ActiveCfg = Debug|Any CPU
		{DD1B17BD-60F9-4179-BBD9-951FB1637B3F}.Debug|Any CPU.Build.0 = Debug|Any CPU
		{DD1B17BD-60F9-4179-BBD9-951FB1637B3F}.Release|Any CPU.ActiveCfg = Release|Any CPU
		{DD1B17BD-60F9-4179-BBD9-951FB1637B3F}.Release|Any CPU.Build.0 = Release|Any CPU
		{B87E705D-AD25-413C-8FC8-48784D84BDA1}.Debug|Any CPU.ActiveCfg = Debug|Any CPU
		{B87E705D-AD25-413C-8FC8-48784D84BDA1}.Debug|Any CPU.Build.0 = Debug|Any CPU
		{B87E705D-AD25-413C-8FC8-48784D84BDA1}.Release|Any CPU.ActiveCfg = Release|Any CPU
		{B87E705D-AD25-413C-8FC8-48784D84BDA1}.Release|Any CPU.Build.0 = Release|Any CPU
		{FA96A27D-3BBC-4138-AC10-D2B0A55D6A1D}.Debug|Any CPU.ActiveCfg = Debug|Any CPU
		{FA96A27D-3BBC-4138-AC10-D2B0A55D6A1D}.Debug|Any CPU.Build.0 = Debug|Any CPU
		{FA96A27D-3BBC-4138-AC10-D2B0A55D6A1D}.Release|Any CPU.ActiveCfg = Release|Any CPU
		{FA96A27D-3BBC-4138-AC10-D2B0A55D6A1D}.Release|Any CPU.Build.0 = Release|Any CPU
	EndGlobalSection
	GlobalSection(SolutionProperties) = preSolution
		HideSolutionNode = FALSE
	EndGlobalSection
	GlobalSection(NestedProjects) = preSolution
		{20DE61D8-6C83-4CF2-AFE9-3D4AD92B1B9E} = {EC0FA50A-C90B-43D2-B32F-FE11103E6AE7}
		{A42530D0-83D8-4510-81F6-69636F8B30F5} = {EC0FA50A-C90B-43D2-B32F-FE11103E6AE7}
		{30F94826-383D-47F5-A330-C208F7C51148} = {EC0FA50A-C90B-43D2-B32F-FE11103E6AE7}
		{DD1B17BD-60F9-4179-BBD9-951FB1637B3F} = {EC0FA50A-C90B-43D2-B32F-FE11103E6AE7}
		{B87E705D-AD25-413C-8FC8-48784D84BDA1} = {EC0FA50A-C90B-43D2-B32F-FE11103E6AE7}
		{FA96A27D-3BBC-4138-AC10-D2B0A55D6A1D} = {EC0FA50A-C90B-43D2-B32F-FE11103E6AE7}
	EndGlobalSection
EndGlobal
